
Microsoft Visual Studio Solution File, Format Version 11.00
# Visual Studio 2010
Project("{FAE04EC0-301F-11D3-BF4B-00C04F79EFBC}") = "Assembly-CSharp", "Assembly-CSharp.csproj", "{9fa130bf-fb45-f796-a422-cb63fb0420d2}"
EndProject
Project("{FAE04EC0-301F-11D3-BF4B-00C04F79EFBC}") = "Assembly-CSharp-Editor", "Assembly-CSharp-Editor.csproj", "{4f93aea9-3bd8-08e3-4c2c-c961d53c270e}"
EndProject
Global
	GlobalSection(SolutionConfigurationPlatforms) = preSolution
		Debug|Any CPU = Debug|Any CPU
	EndGlobalSection
	GlobalSection(ProjectConfigurationPlatforms) = postSolution
		{9fa130bf-fb45-f796-a422-cb63fb0420d2}.Debug|Any CPU.ActiveCfg = Debug|Any CPU
		{9fa130bf-fb45-f796-a422-cb63fb0420d2}.Debug|Any CPU.Build.0 = Debug|Any CPU
		{4f93aea9-3bd8-08e3-4c2c-c961d53c270e}.Debug|Any CPU.ActiveCfg = Debug|Any CPU
		{4f93aea9-3bd8-08e3-4c2c-c961d53c270e}.Debug|Any CPU.Build.0 = Debug|Any CPU
	EndGlobalSection
	GlobalSection(SolutionProperties) = preSolution
		HideSolutionNode = FALSE
	EndGlobalSection
EndGlobal
